<?xml version="1.0" encoding="UTF-8" standalone="yes" ?>
<CodeBlocks_project_file>
    <FileVersion major="1" minor="2" />
    <Project>
        <Option title="out_bridge" />
        <Option pch_mode="0" />
        <Option compiler="0" />
        <Build>
            <Target title="default">
                <Option output="..\Release\out_bridge.dll" />
                <Option working_dir="..\Release\" />
                <Option object_output="..\Release_Temp" />
                <Option type="3" />
                <Option compiler="0" />
                <Option includeInTargetAll="1" />
                <Option projectResourceIncludeDirsRelation="0" />
                <Linker>
                    <Add directory="..\..\..\devcpp\lib" />
                </Linker>
            </Target>
        </Build>
        <Compiler>
            <Add option="-march=pentium-mmx" />
            <Add option="-O3" />
            <Add option="-DBUILD_DLL" />
        </Compiler>
        <Linker>
            <Add option="-s" />
            <Add library="libgdi32.a" />
        </Linker>
        <Unit filename="Console.cpp">
            <Option compilerVar="CPP" />
            <Option target="default" />
        </Unit>
        <Unit filename="Console.h">
            <Option compilerVar="CPP" />
            <Option compile="0" />
            <Option link="0" />
            <Option target="default" />
        </Unit>
        <Unit filename="DevilConfig.cpp">
            <Option compilerVar="CPP" />
            <Option target="default" />
        </Unit>
        <Unit filename="DevilConfig.h">
            <Option compilerVar="CPP" />
            <Option compile="0" />
            <Option link="0" />
            <Option target="default" />
        </Unit>
        <Unit filename="Global.h">
            <Option compilerVar="CPP" />
            <Option compile="0" />
            <Option link="0" />
            <Option target="default" />
        </Unit>
        <Unit filename="Winamp\Out.h">
            <Option compilerVar="CPP" />
            <Option compile="0" />
            <Option link="0" />
            <Option target="default" />
        </Unit>
        <Unit filename="out_bridge.cpp">
            <Option compilerVar="CPP" />
            <Option target="default" />
        </Unit>
    </Project>
</CodeBlocks_project_file>
